
Microsoft Visual Studio Solution File, Format Version 12.00
# Visual Studio Version 16
VisualStudioVersion = 16.0.30114.105
MinimumVisualStudioVersion = 10.0.40219.1
Project("{FAE04EC0-301F-11D3-BF4B-00C04F79EFBC}") = "testado", "testado\testado.csproj", "{7E328D3B-7E69-424F-81B4-77B93D7B353C}"
EndProject
Global
	GlobalSection(SolutionConfigurationPlatforms) = preSolution
		Debug|Any CPU = Debug|Any CPU
		Release|Any CPU = Release|Any CPU
	EndGlobalSection
	GlobalSection(ProjectConfigurationPlatforms) = postSolution
		{7E328D3B-7E69-424F-81B4-77B93D7B353C}.Debug|Any CPU.ActiveCfg = Debug|Any CPU
		{7E328D3B-7E69-424F-81B4-77B93D7B353C}.Debug|Any CPU.Build.0 = Debug|Any CPU
		{7E328D3B-7E69-424F-81B4-77B93D7B353C}.Release|Any CPU.ActiveCfg = Release|Any CPU
		{7E328D3B-7E69-424F-81B4-77B93D7B353C}.Release|Any CPU.Build.0 = Release|Any CPU
	EndGlobalSection
	GlobalSection(SolutionProperties) = preSolution
		HideSolutionNode = FALSE
	EndGlobalSection
	GlobalSection(ExtensibilityGlobals) = postSolution
		SolutionGuid = {BECD4A24-E102-4E75-B34B-4D90C0820A11}
	EndGlobalSection
EndGlobal
